
Microsoft Visual Studio Solution File, Format Version 12.00
# Visual Studio Version 17
VisualStudioVersion = 17.2.32616.157
MinimumVisualStudioVersion = 10.0.40219.1
Project("{FAE04EC0-301F-11D3-BF4B-00C04F79EFBC}") = "WeatherBlanketApi", "WeatherBlanketApi\WeatherBlanketApi.csproj", "{BA0BB562-169D-4184-9A9D-243A3D653BAF}"
EndProject
Global
	GlobalSection(SolutionConfigurationPlatforms) = preSolution
		Debug|Any CPU = Debug|Any CPU
		Release|Any CPU = Release|Any CPU
	EndGlobalSection
	GlobalSection(ProjectConfigurationPlatforms) = postSolution
		{BA0BB562-169D-4184-9A9D-243A3D653BAF}.Debug|Any CPU.ActiveCfg = Debug|Any CPU
		{BA0BB562-169D-4184-9A9D-243A3D653BAF}.Debug|Any CPU.Build.0 = Debug|Any CPU
		{BA0BB562-169D-4184-9A9D-243A3D653BAF}.Release|Any CPU.ActiveCfg = Release|Any CPU
		{BA0BB562-169D-4184-9A9D-243A3D653BAF}.Release|Any CPU.Build.0 = Release|Any CPU
	EndGlobalSection
	GlobalSection(SolutionProperties) = preSolution
		HideSolutionNode = FALSE
	EndGlobalSection
	GlobalSection(ExtensibilityGlobals) = postSolution
		SolutionGuid = {52C6B85B-328E-4BA2-931E-4F14309512BA}
	EndGlobalSection
EndGlobal
